
Microsoft Visual Studio Solution File, Format Version 12.00
# Visual Studio Version 16
VisualStudioVersion = 25.0.1706.9
MinimumVisualStudioVersion = 10.0.40219.1
Project("{FAE04EC0-301F-11D3-BF4B-00C04F79EFBC}") = "E.D.V hesablama", "E.D.V hesablama\E.D.V hesablama.csproj", "{12A441E4-2BDA-4081-B153-D9D2A71F93C8}"
EndProject
Global
	GlobalSection(SolutionConfigurationPlatforms) = preSolution
		Debug|Any CPU = Debug|Any CPU
		Release|Any CPU = Release|Any CPU
	EndGlobalSection
	GlobalSection(ProjectConfigurationPlatforms) = postSolution
		{12A441E4-2BDA-4081-B153-D9D2A71F93C8}.Debug|Any CPU.ActiveCfg = Debug|Any CPU
		{12A441E4-2BDA-4081-B153-D9D2A71F93C8}.Debug|Any CPU.Build.0 = Debug|Any CPU
		{12A441E4-2BDA-4081-B153-D9D2A71F93C8}.Release|Any CPU.ActiveCfg = Release|Any CPU
		{12A441E4-2BDA-4081-B153-D9D2A71F93C8}.Release|Any CPU.Build.0 = Release|Any CPU
	EndGlobalSection
	GlobalSection(SolutionProperties) = preSolution
		HideSolutionNode = FALSE
	EndGlobalSection
	GlobalSection(ExtensibilityGlobals) = postSolution
		SolutionGuid = {128FC878-7FCF-49F0-A4A6-4E2563E12D5E}
	EndGlobalSection
EndGlobal
